// !$*UTF8*$!
{
	archiveVersion = 1;
	classes = {
	};
	objectVersion = 50;
	objects = {

/* Begin PBXBuildFile section */
		EDDD759B23E03F1D00CCA2C1 /* AppDelegate.swift in Sources */ = {isa = PBXBuildFile; fileRef = EDDD759A23E03F1D00CCA2C1 /* AppDelegate.swift */; };
		EDDD759D23E03F1D00CCA2C1 /* SceneDelegate.swift in Sources */ = {isa = PBXBuildFile; fileRef = EDDD759C23E03F1D00CCA2C1 /* SceneDelegate.swift */; };
		EDDD75A223E03F1D00CCA2C1 /* Main.storyboard in Resources */ = {isa = PBXBuildFile; fileRef = EDDD75A023E03F1D00CCA2C1 /* Main.storyboard */; };
		EDDD75A423E03F1E00CCA2C1 /* Assets.xcassets in Resources */ = {isa = PBXBuildFile; fileRef = EDDD75A323E03F1E00CCA2C1 /* Assets.xcassets */; };
		EDDD75A723E03F1E00CCA2C1 /* LaunchScreen.storyboard in Resources */ = {isa = PBXBuildFile; fileRef = EDDD75A523E03F1E00CCA2C1 /* LaunchScreen.storyboard */; };
		EDDD75B223E03F6000CCA2C1 /* Items.swift in Sources */ = {isa = PBXBuildFile; fileRef = EDDD75B123E03F6000CCA2C1 /* Items.swift */; };
		EDDD75B423E03FBE00CCA2C1 /* TableViewController.swift in Sources */ = {isa = PBXBuildFile; fileRef = EDDD75B323E03FBE00CCA2C1 /* TableViewController.swift */; };
		EDDD75B623E045C200CCA2C1 /* ItemListTableViewController.swift in Sources */ = {isa = PBXBuildFile; fileRef = EDDD75B523E045C200CCA2C1 /* ItemListTableViewController.swift */; };
		EDDD75B823E0470000CCA2C1 /* ItemList.swift in Sources */ = {isa = PBXBuildFile; fileRef = EDDD75B723E0470000CCA2C1 /* ItemList.swift */; };
		EDF4432023E1478C008AEC28 /* Gradient.swift in Sources */ = {isa = PBXBuildFile; fileRef = EDF4431F23E1478C008AEC28 /* Gradient.swift */; };
		EDF4432223E14895008AEC28 /* Color.swift in Sources */ = {isa = PBXBuildFile; fileRef = EDF4432123E14895008AEC28 /* Color.swift */; };
/* End PBXBuildFile section */

/* Begin PBXFileReference section */
		EDDD759723E03F1D00CCA2C1 /* Todo's app.app */ = {isa = PBXFileReference; explicitFileType = wrapper.application; includeInIndex = 0; path = "Todo's app.app"; sourceTree = BUILT_PRODUCTS_DIR; };
		EDDD759A23E03F1D00CCA2C1 /* AppDelegate.swift */ = {isa = PBXFileReference; lastKnownFileType = sourcecode.swift; path = AppDelegate.swift; sourceTree = "<group>"; };
		EDDD759C23E03F1D00CCA2C1 /* SceneDelegate.swift */ = {isa = PBXFileReference; lastKnownFileType = sourcecode.swift; path = SceneDelegate.swift; sourceTree = "<group>"; };
		EDDD75A123E03F1D00CCA2C1 /* Base */ = {isa = PBXFileReference; lastKnownFileType = file.storyboard; name = Base; path = Base.lproj/Main.storyboard; sourceTree = "<group>"; };
		EDDD75A323E03F1E00CCA2C1 /* Assets.xcassets */ = {isa = PBXFileReference; lastKnownFileType = folder.assetcatalog; path = Assets.xcassets; sourceTree = "<group>"; };
		EDDD75A623E03F1E00CCA2C1 /* Base */ = {isa = PBXFileReference; lastKnownFileType = file.storyboard; name = Base; path = Base.lproj/LaunchScreen.storyboard; sourceTree = "<group>"; };
		EDDD75A823E03F1E00CCA2C1 /* Info.plist */ = {isa = PBXFileReference; lastKnownFileType = text.plist.xml; path = Info.plist; sourceTree = "<group>"; };
		EDDD75B123E03F6000CCA2C1 /* Items.swift */ = {isa = PBXFileReference; lastKnownFileType = sourcecode.swift; path = Items.swift; sourceTree = "<group>"; };
		EDDD75B323E03FBE00CCA2C1 /* TableViewController.swift */ = {isa = PBXFileReference; lastKnownFileType = sourcecode.swift; path = TableViewController.swift; sourceTree = "<group>"; };
		EDDD75B523E045C200CCA2C1 /* ItemListTableViewController.swift */ = {isa = PBXFileReference; lastKnownFileType = sourcecode.swift; path = ItemListTableViewController.swift; sourceTree = "<group>"; };
		EDDD75B723E0470000CCA2C1 /* ItemList.swift */ = {isa = PBXFileReference; lastKnownFileType = sourcecode.swift; path = ItemList.swift; sourceTree = "<group>"; };
		EDF4431F23E1478C008AEC28 /* Gradient.swift */ = {isa = PBXFileReference; lastKnownFileType = sourcecode.swift; path = Gradient.swift; sourceTree = "<group>"; };
		EDF4432123E14895008AEC28 /* Color.swift */ = {isa = PBXFileReference; lastKnownFileType = sourcecode.swift; path = Color.swift; sourceTree = "<group>"; };
/* End PBXFileReference section */

/* Begin PBXFrameworksBuildPhase section */
		EDDD759423E03F1D00CCA2C1 /* Frameworks */ = {
			isa = PBXFrameworksBuildPhase;
			buildActionMask = 2147483647;
			files = (
			);
			runOnlyForDeploymentPostprocessing = 0;
		};
/* End PBXFrameworksBuildPhase section */

/* Begin PBXGroup section */
		EDDD758E23E03F1D00CCA2C1 = {
			isa = PBXGroup;
			children = (
				EDDD759923E03F1D00CCA2C1 /* Todo */,
				EDDD759823E03F1D00CCA2C1 /* Products */,
			);
			sourceTree = "<group>";
		};
		EDDD759823E03F1D00CCA2C1 /* Products */ = {
			isa = PBXGroup;
			children = (
				EDDD759723E03F1D00CCA2C1 /* Todo's app.app */,
			);
			name = Products;
			sourceTree = "<group>";
		};
		EDDD759923E03F1D00CCA2C1 /* Todo */ = {
			isa = PBXGroup;
			children = (
				EDDD75AF23E03F3400CCA2C1 /* Model */,
				EDDD75B023E03F3A00CCA2C1 /* Controller */,
				EDDD75AE23E03F2A00CCA2C1 /* View */,
				EDDD75A823E03F1E00CCA2C1 /* Info.plist */,
			);
			path = Todo;
			sourceTree = "<group>";
		};
		EDDD75AE23E03F2A00CCA2C1 /* View */ = {
			isa = PBXGroup;
			children = (
				EDDD75A023E03F1D00CCA2C1 /* Main.storyboard */,
				EDDD75A323E03F1E00CCA2C1 /* Assets.xcassets */,
				EDDD75A523E03F1E00CCA2C1 /* LaunchScreen.storyboard */,
			);
			path = View;
			sourceTree = "<group>";
		};
		EDDD75AF23E03F3400CCA2C1 /* Model */ = {
			isa = PBXGroup;
			children = (
				EDDD75B123E03F6000CCA2C1 /* Items.swift */,
				EDDD75B723E0470000CCA2C1 /* ItemList.swift */,
				EDF4431F23E1478C008AEC28 /* Gradient.swift */,
				EDF4432123E14895008AEC28 /* Color.swift */,
			);
			path = Model;
			sourceTree = "<group>";
		};
		EDDD75B023E03F3A00CCA2C1 /* Controller */ = {
			isa = PBXGroup;
			children = (
				EDDD759A23E03F1D00CCA2C1 /* AppDelegate.swift */,
				EDDD759C23E03F1D00CCA2C1 /* SceneDelegate.swift */,
				EDDD75B323E03FBE00CCA2C1 /* TableViewController.swift */,
				EDDD75B523E045C200CCA2C1 /* ItemListTableViewController.swift */,
			);
			path = Controller;
			sourceTree = "<group>";
		};
/* End PBXGroup section */

/* Begin PBXNativeTarget section */
		EDDD759623E03F1D00CCA2C1 /* Todo */ = {
			isa = PBXNativeTarget;
			buildConfigurationList = EDDD75AB23E03F1E00CCA2C1 /* Build configuration list for PBXNativeTarget "Todo" */;
			buildPhases = (
				EDDD759323E03F1D00CCA2C1 /* Sources */,
				EDDD759423E03F1D00CCA2C1 /* Frameworks */,
				EDDD759523E03F1D00CCA2C1 /* Resources */,
			);
			buildRules = (
			);
			dependencies = (
			);
			name = Todo;
			productName = Todo;
			productReference = EDDD759723E03F1D00CCA2C1 /* Todo's app.app */;
			productType = "com.apple.product-type.application";
		};
/* End PBXNativeTarget section */

/* Begin PBXProject section */
		EDDD758F23E03F1D00CCA2C1 /* Project object */ = {
			isa = PBXProject;
			attributes = {
				LastSwiftUpdateCheck = 1120;
				LastUpgradeCheck = 1120;
				ORGANIZATIONNAME = "Anuj Doshi";
				TargetAttributes = {
					EDDD759623E03F1D00CCA2C1 = {
						CreatedOnToolsVersion = 11.2.1;
					};
				};
			};
			buildConfigurationList = EDDD759223E03F1D00CCA2C1 /* Build configuration list for PBXProject "Todo" */;
			compatibilityVersion = "Xcode 9.3";
			developmentRegion = en;
			hasScannedForEncodings = 0;
			knownRegions = (
				en,
				Base,
			);
			mainGroup = EDDD758E23E03F1D00CCA2C1;
			productRefGroup = EDDD759823E03F1D00CCA2C1 /* Products */;
			projectDirPath = "";
			projectRoot = "";
			targets = (
				EDDD759623E03F1D00CCA2C1 /* Todo */,
			);
		};
/* End PBXProject section */

/* Begin PBXResourcesBuildPhase section */
		EDDD759523E03F1D00CCA2C1 /* Resources */ = {
			isa = PBXResourcesBuildPhase;
			buildActionMask = 2147483647;
			files = (
				EDDD75A723E03F1E00CCA2C1 /* LaunchScreen.storyboard in Resources */,
				EDDD75A423E03F1E00CCA2C1 /* Assets.xcassets in Resources */,
				EDDD75A223E03F1D00CCA2C1 /* Main.storyboard in Resources */,
			);
			runOnlyForDeploymentPostprocessing = 0;
		};
/* End PBXResourcesBuildPhase section */

/* Begin PBXSourcesBuildPhase section */
		EDDD759323E03F1D00CCA2C1 /* Sources */ = {
			isa = PBXSourcesBuildPhase;
			buildActionMask = 2147483647;
			files = (
				EDDD75B223E03F6000CCA2C1 /* Items.swift in Sources */,
				EDDD75B623E045C200CCA2C1 /* ItemListTableViewController.swift in Sources */,
				EDDD759B23E03F1D00CCA2C1 /* AppDelegate.swift in Sources */,
				EDF4432023E1478C008AEC28 /* Gradient.swift in Sources */,
				EDDD759D23E03F1D00CCA2C1 /* SceneDelegate.swift in Sources */,
				EDF4432223E14895008AEC28 /* Color.swift in Sources */,
				EDDD75B823E0470000CCA2C1 /* ItemList.swift in Sources */,
				EDDD75B423E03FBE00CCA2C1 /* TableViewController.swift in Sources */,
			);
			runOnlyForDeploymentPostprocessing = 0;
		};
/* End PBXSourcesBuildPhase section */

/* Begin PBXVariantGroup section */
		EDDD75A023E03F1D00CCA2C1 /* Main.storyboard */ = {
			isa = PBXVariantGroup;
			children = (
				EDDD75A123E03F1D00CCA2C1 /* Base */,
			);
			name = Main.storyboard;
			sourceTree = "<group>";
		};
		EDDD75A523E03F1E00CCA2C1 /* LaunchScreen.storyboard */ = {
			isa = PBXVariantGroup;
			children = (
				EDDD75A623E03F1E00CCA2C1 /* Base */,
			);
			name = LaunchScreen.storyboard;
			sourceTree = "<group>";
		};
/* End PBXVariantGroup section */

/* Begin XCBuildConfiguration section */
		EDDD75A923E03F1E00CCA2C1 /* Debug */ = {
			isa = XCBuildConfiguration;
			buildSettings = {
				ALWAYS_SEARCH_USER_PATHS = NO;
				CLANG_ANALYZER_NONNULL = YES;
				CLANG_ANALYZER_NUMBER_OBJECT_CONVERSION = YES_AGGRESSIVE;
				CLANG_CXX_LANGUAGE_STANDARD = "gnu++14";
				CLANG_CXX_LIBRARY = "libc++";
				CLANG_ENABLE_MODULES = YES;
				CLANG_ENABLE_OBJC_ARC = YES;
				CLANG_ENABLE_OBJC_WEAK = YES;
				CLANG_WARN_BLOCK_CAPTURE_AUTORELEASING = YES;
				CLANG_WARN_BOOL_CONVERSION = YES;
				CLANG_WARN_COMMA = YES;
				CLANG_WARN_CONSTANT_CONVERSION = YES;
				CLANG_WARN_DEPRECATED_OBJC_IMPLEMENTATIONS = YES;
				CLANG_WARN_DIRECT_OBJC_ISA_USAGE = YES_ERROR;
				CLANG_WARN_DOCUMENTATION_COMMENTS = YES;
				CLANG_WARN_EMPTY_BODY = YES;
				CLANG_WARN_ENUM_CONVERSION = YES;
				CLANG_WARN_INFINITE_RECURSION = YES;
				CLANG_WARN_INT_CONVERSION = YES;
				CLANG_WARN_NON_LITERAL_NULL_CONVERSION = YES;
				CLANG_WARN_OBJC_IMPLICIT_RETAIN_SELF = YES;
				CLANG_WARN_OBJC_LITERAL_CONVERSION = YES;
				CLANG_WARN_OBJC_ROOT_CLASS = YES_ERROR;
				CLANG_WARN_RANGE_LOOP_ANALYSIS = YES;
				CLANG_WARN_STRICT_PROTOTYPES = YES;
				CLANG_WARN_SUSPICIOUS_MOVE = YES;
				CLANG_WARN_UNGUARDED_AVAILABILITY = YES_AGGRESSIVE;
				CLANG_WARN_UNREACHABLE_CODE = YES;
				CLANG_WARN__DUPLICATE_METHOD_MATCH = YES;
				COPY_PHASE_STRIP = NO;
				DEBUG_INFORMATION_FORMAT = dwarf;
				ENABLE_STRICT_OBJC_MSGSEND = YES;
				ENABLE_TESTABILITY = YES;
				GCC_C_LANGUAGE_STANDARD = gnu11;
				GCC_DYNAMIC_NO_PIC = NO;
				GCC_NO_COMMON_BLOCKS = YES;
				GCC_OPTIMIZATION_LEVEL = 0;
				GCC_PREPROCESSOR_DEFINITIONS = (
					"DEBUG=1",
					"$(inherited)",
				);
				GCC_WARN_64_TO_32_BIT_CONVERSION = YES;
				GCC_WARN_ABOUT_RETURN_TYPE = YES_ERROR;
				GCC_WARN_UNDECLARED_SELECTOR = YES;
				GCC_WARN_UNINITIALIZED_AUTOS = YES_AGGRESSIVE;
				GCC_WARN_UNUSED_FUNCTION = YES;
				GCC_WARN_UNUSED_VARIABLE = YES;
				IPHONEOS_DEPLOYMENT_TARGET = 13.2;
				MTL_ENABLE_DEBUG_INFO = INCLUDE_SOURCE;
				MTL_FAST_MATH = YES;
				ONLY_ACTIVE_ARCH = YES;
				SDKROOT = iphoneos;
				SWIFT_ACTIVE_COMPILATION_CONDITIONS = DEBUG;
				SWIFT_OPTIMIZATION_LEVEL = "-Onone";
			};
			name = Debug;
		};
		EDDD75AA23E03F1E00CCA2C1 /* Release */ = {
			isa = XCBuildConfiguration;
			buildSettings = {
				ALWAYS_SEARCH_USER_PATHS = NO;
				CLANG_ANALYZER_NONNULL = YES;
				CLANG_ANALYZER_NUMBER_OBJECT_CONVERSION = YES_AGGRESSIVE;
				CLANG_CXX_LANGUAGE_STANDARD = "gnu++14";
				CLANG_CXX_LIBRARY = "libc++";
				CLANG_ENABLE_MODULES = YES;
				CLANG_ENABLE_OBJC_ARC = YES;
				CLANG_ENABLE_OBJC_WEAK = YES;
				CLANG_WARN_BLOCK_CAPTURE_AUTORELEASING = YES;
				CLANG_WARN_BOOL_CONVERSION = YES;
				CLANG_WARN_COMMA = YES;
				CLANG_WARN_CONSTANT_CONVERSION = YES;
				CLANG_WARN_DEPRECATED_OBJC_IMPLEMENTATIONS = YES;
				CLANG_WARN_DIRECT_OBJC_ISA_USAGE = YES_ERROR;
				CLANG_WARN_DOCUMENTATION_COMMENTS = YES;
				CLANG_WARN_EMPTY_BODY = YES;
				CLANG_WARN_ENUM_CONVERSION = YES;
				CLANG_WARN_INFINITE_RECURSION = YES;
				CLANG_WARN_INT_CONVERSION = YES;
				CLANG_WARN_NON_LITERAL_NULL_CONVERSION = YES;
				CLANG_WARN_OBJC_IMPLICIT_RETAIN_SELF = YES;
				CLANG_WARN_OBJC_LITERAL_CONVERSION = YES;
				CLANG_WARN_OBJC_ROOT_CLASS = YES_ERROR;
				CLANG_WARN_RANGE_LOOP_ANALYSIS = YES;
				CLANG_WARN_STRICT_PROTOTYPES = YES;
				CLANG_WARN_SUSPICIOUS_MOVE = YES;
				CLANG_WARN_UNGUARDED_AVAILABILITY = YES_AGGRESSIVE;
				CLANG_WARN_UNREACHABLE_CODE = YES;
				CLANG_WARN__DUPLICATE_METHOD_MATCH = YES;
				COPY_PHASE_STRIP = NO;
				DEBUG_INFORMATION_FORMAT = "dwarf-with-dsym";
				ENABLE_NS_ASSERTIONS = NO;
				ENABLE_STRICT_OBJC_MSGSEND = YES;
				GCC_C_LANGUAGE_STANDARD = gnu11;
				GCC_NO_COMMON_BLOCKS = YES;
				GCC_WARN_64_TO_32_BIT_CONVERSION = YES;
				GCC_WARN_ABOUT_RETURN_TYPE = YES_ERROR;
				GCC_WARN_UNDECLARED_SELECTOR = YES;
				GCC_WARN_UNINITIALIZED_AUTOS = YES_AGGRESSIVE;
				GCC_WARN_UNUSED_FUNCTION = YES;
				GCC_WARN_UNUSED_VARIABLE = YES;
				IPHONEOS_DEPLOYMENT_TARGET = 13.2;
				MTL_ENABLE_DEBUG_INFO = NO;
				MTL_FAST_MATH = YES;
				SDKROOT = iphoneos;
				SWIFT_COMPILATION_MODE = wholemodule;
				SWIFT_OPTIMIZATION_LEVEL = "-O";
				VALIDATE_PRODUCT = YES;
			};
			name = Release;
		};
		EDDD75AC23E03F1E00CCA2C1 /* Debug */ = {
			isa = XCBuildConfiguration;
			buildSettings = {
				ASSETCATALOG_COMPILER_APPICON_NAME = AppIcon;
				CODE_SIGN_STYLE = Automatic;
				INFOPLIST_FILE = Todo/Info.plist;
				LD_RUNPATH_SEARCH_PATHS = (
					"$(inherited)",
					"@executable_path/Frameworks",
				);
				PRODUCT_BUNDLE_IDENTIFIER = com.anuj.Todo;
				PRODUCT_NAME = "Todo's app";
				SWIFT_VERSION = 5.0;
				TARGETED_DEVICE_FAMILY = "1,2";
			};
			name = Debug;
		};
		EDDD75AD23E03F1E00CCA2C1 /* Release */ = {
			isa = XCBuildConfiguration;
			buildSettings = {
				ASSETCATALOG_COMPILER_APPICON_NAME = AppIcon;
				CODE_SIGN_STYLE = Automatic;
				INFOPLIST_FILE = Todo/Info.plist;
				LD_RUNPATH_SEARCH_PATHS = (
					"$(inherited)",
					"@executable_path/Frameworks",
				);
				PRODUCT_BUNDLE_IDENTIFIER = com.anuj.Todo;
				PRODUCT_NAME = "Todo's app";
				SWIFT_VERSION = 5.0;
				TARGETED_DEVICE_FAMILY = "1,2";
			};
			name = Release;
		};
/* End XCBuildConfiguration section */

/* Begin XCConfigurationList section */
		EDDD759223E03F1D00CCA2C1 /* Build configuration list for PBXProject "Todo" */ = {
			isa = XCConfigurationList;
			buildConfigurations = (
				EDDD75A923E03F1E00CCA2C1 /* Debug */,
				EDDD75AA23E03F1E00CCA2C1 /* Release */,
			);
			defaultConfigurationIsVisible = 0;
			defaultConfigurationName = Release;
		};
		EDDD75AB23E03F1E00CCA2C1 /* Build configuration list for PBXNativeTarget "Todo" */ = {
			isa = XCConfigurationList;
			buildConfigurations = (
				EDDD75AC23E03F1E00CCA2C1 /* Debug */,
				EDDD75AD23E03F1E00CCA2C1 /* Release */,
			);
			defaultConfigurationIsVisible = 0;
			defaultConfigurationName = Release;
		};
/* End XCConfigurationList section */
	};
	rootObject = EDDD758F23E03F1D00CCA2C1 /* Project object */;
}
